
Microsoft Visual Studio Solution File, Format Version 12.00
# Visual Studio Version 17
VisualStudioVersion = 17.0.32112.339
MinimumVisualStudioVersion = 10.0.40219.1
Project("{9A19103F-16F7-4668-BE54-9A1E7A4F7556}") = "BigBirdie", "BigBirdie\BigBirdie.csproj", "{6228DC54-E8CA-401F-9824-53C045B285CE}"
EndProject
Global
	GlobalSection(SolutionConfigurationPlatforms) = preSolution
		Debug|Any CPU = Debug|Any CPU
		Release|Any CPU = Release|Any CPU
	EndGlobalSection
	GlobalSection(ProjectConfigurationPlatforms) = postSolution
		{6228DC54-E8CA-401F-9824-53C045B285CE}.Debug|Any CPU.ActiveCfg = Debug|Any CPU
		{6228DC54-E8CA-401F-9824-53C045B285CE}.Debug|Any CPU.Build.0 = Debug|Any CPU
		{6228DC54-E8CA-401F-9824-53C045B285CE}.Release|Any CPU.ActiveCfg = Release|Any CPU
		{6228DC54-E8CA-401F-9824-53C045B285CE}.Release|Any CPU.Build.0 = Release|Any CPU
	EndGlobalSection
	GlobalSection(SolutionProperties) = preSolution
		HideSolutionNode = FALSE
	EndGlobalSection
	GlobalSection(ExtensibilityGlobals) = postSolution
		SolutionGuid = {90579FA0-3BCF-4FB6-AE7C-692CC8B84CD2}
	EndGlobalSection
EndGlobal
